
Microsoft Visual Studio Solution File, Format Version 12.00
# Visual Studio Version 17
VisualStudioVersion = 17.1.31911.260
MinimumVisualStudioVersion = 10.0.40219.1
Project("{9A19103F-16F7-4668-BE54-9A1E7A4F7556}") = "TaiDev.DotNet.ImageBuilder", "src\TaiDev.DotNet.ImageBuilder.csproj", "{2F77C060-7045-4508-ABBA-F6FA91447FAE}"
EndProject
Project("{9A19103F-16F7-4668-BE54-9A1E7A4F7556}") = "TaiDev.DotNet.ImageBuilder.Tests", "test\TaiDev.DotNet.ImageBuilder.Tests.csproj", "{B912F540-F379-4394-A282-FCBC14C1E14F}"
EndProject
Global
	GlobalSection(SolutionConfigurationPlatforms) = preSolution
		Debug|Any CPU = Debug|Any CPU
		Release|Any CPU = Release|Any CPU
	EndGlobalSection
	GlobalSection(ProjectConfigurationPlatforms) = postSolution
		{2F77C060-7045-4508-ABBA-F6FA91447FAE}.Debug|Any CPU.ActiveCfg = Debug|Any CPU
		{2F77C060-7045-4508-ABBA-F6FA91447FAE}.Debug|Any CPU.Build.0 = Debug|Any CPU
		{2F77C060-7045-4508-ABBA-F6FA91447FAE}.Release|Any CPU.ActiveCfg = Release|Any CPU
		{2F77C060-7045-4508-ABBA-F6FA91447FAE}.Release|Any CPU.Build.0 = Release|Any CPU
		{B912F540-F379-4394-A282-FCBC14C1E14F}.Debug|Any CPU.ActiveCfg = Debug|Any CPU
		{B912F540-F379-4394-A282-FCBC14C1E14F}.Debug|Any CPU.Build.0 = Debug|Any CPU
		{B912F540-F379-4394-A282-FCBC14C1E14F}.Release|Any CPU.ActiveCfg = Release|Any CPU
		{B912F540-F379-4394-A282-FCBC14C1E14F}.Release|Any CPU.Build.0 = Release|Any CPU
	EndGlobalSection
	GlobalSection(SolutionProperties) = preSolution
		HideSolutionNode = FALSE
	EndGlobalSection
	GlobalSection(ExtensibilityGlobals) = postSolution
		SolutionGuid = {5B827C26-4899-42A0-8318-A363D4C03ABA}
	EndGlobalSection
EndGlobal
